
Microsoft Visual Studio Solution File, Format Version 12.00
# Visual Studio 15
VisualStudioVersion = 15.0.28010.2016
MinimumVisualStudioVersion = 10.0.40219.1
Project("{FAE04EC0-301F-11D3-BF4B-00C04F79EFBC}") = "Fildan_Simina_Cartite", "Fildan_Simina_Cartite\Fildan_Simina_Cartite.csproj", "{79E7A857-42B9-490A-B0B3-FE2A8D9C3059}"
EndProject
Global
	GlobalSection(SolutionConfigurationPlatforms) = preSolution
		Debug|Any CPU = Debug|Any CPU
		Release|Any CPU = Release|Any CPU
	EndGlobalSection
	GlobalSection(ProjectConfigurationPlatforms) = postSolution
		{79E7A857-42B9-490A-B0B3-FE2A8D9C3059}.Debug|Any CPU.ActiveCfg = Debug|Any CPU
		{79E7A857-42B9-490A-B0B3-FE2A8D9C3059}.Debug|Any CPU.Build.0 = Debug|Any CPU
		{79E7A857-42B9-490A-B0B3-FE2A8D9C3059}.Release|Any CPU.ActiveCfg = Release|Any CPU
		{79E7A857-42B9-490A-B0B3-FE2A8D9C3059}.Release|Any CPU.Build.0 = Release|Any CPU
	EndGlobalSection
	GlobalSection(SolutionProperties) = preSolution
		HideSolutionNode = FALSE
	EndGlobalSection
	GlobalSection(ExtensibilityGlobals) = postSolution
		SolutionGuid = {6BBC80FC-0647-4F70-9720-D9D5275D961A}
	EndGlobalSection
EndGlobal
